{
  "name": "wisecio.github.io",
  "lockfileVersion": 2,
  "requires": true,
  "packages": {
    "": {
      "dependencies": {
        "@ignatiusmb/scramble": "^3.0.1",
        "glitched-writer": "^2.0.29",
        "particles.js": "^2.0.0",
        "scrambling-text": "^1.2.0"
      }
    },
    "node_modules/@babel/polyfill": {
      "version": "7.12.1",
      "resolved": "https://registry.npmjs.org/@babel/polyfill/-/polyfill-7.12.1.tgz",
      "integrity": "sha512-X0pi0V6gxLi6lFZpGmeNa4zxtwEmCs42isWLNjZZDE0Y8yVfgu0T2OAHlzBbdYlqbW/YXVvoBHpATEM+goCj8g==",
      "deprecated": "🚨 This package has been deprecated in favor of separate inclusion of a polyfill and regenerator-runtime (when needed). See the @babel/polyfill docs (https://babeljs.io/docs/en/babel-polyfill) for more information.",
      "dependencies": {
        "core-js": "^2.6.5",
        "regenerator-runtime": "^0.13.4"
      }
    },
    "node_modules/@ignatiusmb/scramble": {
      "version": "3.0.1",
      "resolved": "https://registry.npmjs.org/@ignatiusmb/scramble/-/scramble-3.0.1.tgz",
      "integrity": "sha512-MDGlB9FeSDGCPNxJTHy4fgaaRLgtcsaFY7X5N/QVloRLZBuxq3fT05jMaVo+w1f8AcDXqlz4HKrbMfI1lrUT9Q=="
    },
    "node_modules/core-js": {
      "version": "2.6.12",
      "resolved": "https://registry.npmjs.org/core-js/-/core-js-2.6.12.tgz",
      "integrity": "sha512-Kb2wC0fvsWfQrgk8HU5lW6U/Lcs8+9aaYcy4ZFc6DDlo4nZ7n70dEgE5rtR0oG6ufKDUnrwfWL1mXR5ljDatrQ==",
      "deprecated": "core-js@<3.4 is no longer maintained and not recommended for usage due to the number of issues. Because of the V8 engine whims, feature detection in old core-js versions could cause a slowdown up to 100x even if nothing is polyfilled. Please, upgrade your dependencies to the actual version of core-js.",
      "hasInstallScript": true
    },
    "node_modules/glitched-writer": {
      "version": "2.0.29",
      "resolved": "https://registry.npmjs.org/glitched-writer/-/glitched-writer-2.0.29.tgz",
      "integrity": "sha512-ItmmiFTSKVIbs/ngTLAszsu2czKYXYar54GgJcST5U6BH7sAaivG3fgDJFDIgNaau7rGadV5bLu3QThd5iAC8w=="
    },
    "node_modules/particles.js": {
      "version": "2.0.0",
      "resolved": "https://registry.npmjs.org/particles.js/-/particles.js-2.0.0.tgz",
      "integrity": "sha1-IThsQyjWx/lngKIB6W7t/AnHNvY="
    },
    "node_modules/regenerator-runtime": {
      "version": "0.13.9",
      "resolved": "https://registry.npmjs.org/regenerator-runtime/-/regenerator-runtime-0.13.9.tgz",
      "integrity": "sha512-p3VT+cOEgxFsRRA9X4lkI1E+k2/CtnKtU4gcxyaCUreilL/vqI6CdZ3wxVUx3UOUg+gnUOQQcRI7BmSI656MYA=="
    },
    "node_modules/scrambling-text": {
      "version": "1.2.0",
      "resolved": "https://registry.npmjs.org/scrambling-text/-/scrambling-text-1.2.0.tgz",
      "integrity": "sha512-zs84BPFQMWNcc+BhrxDvflmNi9KXkF0DC3pPeRtofylJG6paH6TwUaRr+HOQ3dFs5UhMvzdNkcQRl4ozFpGnSg==",
      "dependencies": {
        "@babel/polyfill": "^7.10.4"
      }
    }
  },
  "dependencies": {
    "@babel/polyfill": {
      "version": "7.12.1",
      "resolved": "https://registry.npmjs.org/@babel/polyfill/-/polyfill-7.12.1.tgz",
      "integrity": "sha512-X0pi0V6gxLi6lFZpGmeNa4zxtwEmCs42isWLNjZZDE0Y8yVfgu0T2OAHlzBbdYlqbW/YXVvoBHpATEM+goCj8g==",
      "requires": {
        "core-js": "^2.6.5",
        "regenerator-runtime": "^0.13.4"
      }
    },
    "@ignatiusmb/scramble": {
      "version": "3.0.1",
      "resolved": "https://registry.npmjs.org/@ignatiusmb/scramble/-/scramble-3.0.1.tgz",
      "integrity": "sha512-MDGlB9FeSDGCPNxJTHy4fgaaRLgtcsaFY7X5N/QVloRLZBuxq3fT05jMaVo+w1f8AcDXqlz4HKrbMfI1lrUT9Q=="
    },
    "core-js": {
      "version": "2.6.12",
      "resolved": "https://registry.npmjs.org/core-js/-/core-js-2.6.12.tgz",
      "integrity": "sha512-Kb2wC0fvsWfQrgk8HU5lW6U/Lcs8+9aaYcy4ZFc6DDlo4nZ7n70dEgE5rtR0oG6ufKDUnrwfWL1mXR5ljDatrQ=="
    },
    "glitched-writer": {
      "version": "2.0.29",
      "resolved": "https://registry.npmjs.org/glitched-writer/-/glitched-writer-2.0.29.tgz",
      "integrity": "sha512-ItmmiFTSKVIbs/ngTLAszsu2czKYXYar54GgJcST5U6BH7sAaivG3fgDJFDIgNaau7rGadV5bLu3QThd5iAC8w=="
    },
    "particles.js": {
      "version": "2.0.0",
      "resolved": "https://registry.npmjs.org/particles.js/-/particles.js-2.0.0.tgz",
      "integrity": "sha1-IThsQyjWx/lngKIB6W7t/AnHNvY="
    },
    "regenerator-runtime": {
      "version": "0.13.9",
      "resolved": "https://registry.npmjs.org/regenerator-runtime/-/regenerator-runtime-0.13.9.tgz",
      "integrity": "sha512-p3VT+cOEgxFsRRA9X4lkI1E+k2/CtnKtU4gcxyaCUreilL/vqI6CdZ3wxVUx3UOUg+gnUOQQcRI7BmSI656MYA=="
    },
    "scrambling-text": {
      "version": "1.2.0",
      "resolved": "https://registry.npmjs.org/scrambling-text/-/scrambling-text-1.2.0.tgz",
      "integrity": "sha512-zs84BPFQMWNcc+BhrxDvflmNi9KXkF0DC3pPeRtofylJG6paH6TwUaRr+HOQ3dFs5UhMvzdNkcQRl4ozFpGnSg==",
      "requires": {
        "@babel/polyfill": "^7.10.4"
      }
    }
  }
}
